
Microsoft Visual Studio Solution File, Format Version 12.00
# Visual Studio Version 17
VisualStudioVersion = 17.8.34525.116
MinimumVisualStudioVersion = 10.0.40219.1
Project("{9A19103F-16F7-4668-BE54-9A1E7A4F7556}") = "DungeonWiki.Server", "DungeonWiki.Server\DungeonWiki.Server.csproj", "{D2E0E79A-1BC9-4C64-B222-F5A9A1FBD11E}"
EndProject
Project("{54A90642-561A-4BB1-A94E-469ADEE60C69}") = "DungeonWiki.Client", "dungeonwiki.client\DungeonWiki.Client.esproj", "{CA61F412-D856-4D01-9F9E-838A972ECC20}"
EndProject
Global
	GlobalSection(SolutionConfigurationPlatforms) = preSolution
		Debug|Any CPU = Debug|Any CPU
		Release|Any CPU = Release|Any CPU
	EndGlobalSection
	GlobalSection(ProjectConfigurationPlatforms) = postSolution
		{D2E0E79A-1BC9-4C64-B222-F5A9A1FBD11E}.Debug|Any CPU.ActiveCfg = Debug|Any CPU
		{D2E0E79A-1BC9-4C64-B222-F5A9A1FBD11E}.Debug|Any CPU.Build.0 = Debug|Any CPU
		{D2E0E79A-1BC9-4C64-B222-F5A9A1FBD11E}.Release|Any CPU.ActiveCfg = Release|Any CPU
		{D2E0E79A-1BC9-4C64-B222-F5A9A1FBD11E}.Release|Any CPU.Build.0 = Release|Any CPU
		{CA61F412-D856-4D01-9F9E-838A972ECC20}.Debug|Any CPU.ActiveCfg = Debug|Any CPU
		{CA61F412-D856-4D01-9F9E-838A972ECC20}.Debug|Any CPU.Build.0 = Debug|Any CPU
		{CA61F412-D856-4D01-9F9E-838A972ECC20}.Debug|Any CPU.Deploy.0 = Debug|Any CPU
		{CA61F412-D856-4D01-9F9E-838A972ECC20}.Release|Any CPU.ActiveCfg = Release|Any CPU
		{CA61F412-D856-4D01-9F9E-838A972ECC20}.Release|Any CPU.Build.0 = Release|Any CPU
		{CA61F412-D856-4D01-9F9E-838A972ECC20}.Release|Any CPU.Deploy.0 = Release|Any CPU
	EndGlobalSection
	GlobalSection(SolutionProperties) = preSolution
		HideSolutionNode = FALSE
	EndGlobalSection
	GlobalSection(ExtensibilityGlobals) = postSolution
		SolutionGuid = {3DAE2461-AB12-4C9B-A1F3-30A09883ABC6}
	EndGlobalSection
EndGlobal
